
Microsoft Visual Studio Solution File, Format Version 12.00
# Visual Studio 2012
Project("{FAE04EC0-301F-11D3-BF4B-00C04F79EFBC}") = "Company.Graphics.Histogram", "Company.Graphics.ImageHistogram\Company.Graphics.Histogram.csproj", "{FD15A285-0F15-421A-A67B-0C5942C509B5}"
EndProject
Project("{FAE04EC0-301F-11D3-BF4B-00C04F79EFBC}") = "TestConsoleApplication", "TestConsoleApplication\TestConsoleApplication.csproj", "{A8C648EC-5A36-448F-BB3C-A3D2826B5666}"
EndProject
Global
	GlobalSection(SolutionConfigurationPlatforms) = preSolution
		Debug|Any CPU = Debug|Any CPU
		Release|Any CPU = Release|Any CPU
	EndGlobalSection
	GlobalSection(ProjectConfigurationPlatforms) = postSolution
		{FD15A285-0F15-421A-A67B-0C5942C509B5}.Debug|Any CPU.ActiveCfg = Debug|Any CPU
		{FD15A285-0F15-421A-A67B-0C5942C509B5}.Debug|Any CPU.Build.0 = Debug|Any CPU
		{FD15A285-0F15-421A-A67B-0C5942C509B5}.Release|Any CPU.ActiveCfg = Release|Any CPU
		{FD15A285-0F15-421A-A67B-0C5942C509B5}.Release|Any CPU.Build.0 = Release|Any CPU
		{A8C648EC-5A36-448F-BB3C-A3D2826B5666}.Debug|Any CPU.ActiveCfg = Debug|Any CPU
		{A8C648EC-5A36-448F-BB3C-A3D2826B5666}.Debug|Any CPU.Build.0 = Debug|Any CPU
		{A8C648EC-5A36-448F-BB3C-A3D2826B5666}.Release|Any CPU.ActiveCfg = Release|Any CPU
		{A8C648EC-5A36-448F-BB3C-A3D2826B5666}.Release|Any CPU.Build.0 = Release|Any CPU
	EndGlobalSection
	GlobalSection(SolutionProperties) = preSolution
		HideSolutionNode = FALSE
	EndGlobalSection
EndGlobal
