
Microsoft Visual Studio Solution File, Format Version 12.00
# Visual Studio 2012
Project("{FAE04EC0-301F-11D3-BF4B-00C04F79EFBC}") = "Company.Graphics.StatisticalRegionMerging", "Company.Graphics.StatisticalRegionMerging\Company.Graphics.StatisticalRegionMerging.csproj", "{597EE561-D9CF-47B1-8FE7-9A6286578351}"
EndProject
Project("{FAE04EC0-301F-11D3-BF4B-00C04F79EFBC}") = "TestConsoleApplication", "TestConsoleApplication\TestConsoleApplication.csproj", "{C7DC42BB-82AB-45C7-B75C-B95FE050BB99}"
EndProject
Global
	GlobalSection(SolutionConfigurationPlatforms) = preSolution
		Debug|Any CPU = Debug|Any CPU
		Release|Any CPU = Release|Any CPU
	EndGlobalSection
	GlobalSection(ProjectConfigurationPlatforms) = postSolution
		{597EE561-D9CF-47B1-8FE7-9A6286578351}.Debug|Any CPU.ActiveCfg = Debug|Any CPU
		{597EE561-D9CF-47B1-8FE7-9A6286578351}.Debug|Any CPU.Build.0 = Debug|Any CPU
		{597EE561-D9CF-47B1-8FE7-9A6286578351}.Release|Any CPU.ActiveCfg = Release|Any CPU
		{597EE561-D9CF-47B1-8FE7-9A6286578351}.Release|Any CPU.Build.0 = Release|Any CPU
		{C7DC42BB-82AB-45C7-B75C-B95FE050BB99}.Debug|Any CPU.ActiveCfg = Debug|Any CPU
		{C7DC42BB-82AB-45C7-B75C-B95FE050BB99}.Debug|Any CPU.Build.0 = Debug|Any CPU
		{C7DC42BB-82AB-45C7-B75C-B95FE050BB99}.Release|Any CPU.ActiveCfg = Release|Any CPU
		{C7DC42BB-82AB-45C7-B75C-B95FE050BB99}.Release|Any CPU.Build.0 = Release|Any CPU
	EndGlobalSection
	GlobalSection(SolutionProperties) = preSolution
		HideSolutionNode = FALSE
	EndGlobalSection
EndGlobal
